
Microsoft Visual Studio Solution File, Format Version 12.00
# Visual Studio 15
VisualStudioVersion = 15.0.28307.1300
MinimumVisualStudioVersion = 10.0.40219.1
Project("{FAE04EC0-301F-11D3-BF4B-00C04F79EFBC}") = "WCFService_2Way_017", "WCFService_2Way_017\WCFService_2Way_017.csproj", "{2C76E88A-F73E-4791-AF86-B11B2B190126}"
EndProject
Global
	GlobalSection(SolutionConfigurationPlatforms) = preSolution
		Debug|Any CPU = Debug|Any CPU
		Release|Any CPU = Release|Any CPU
	EndGlobalSection
	GlobalSection(ProjectConfigurationPlatforms) = postSolution
		{2C76E88A-F73E-4791-AF86-B11B2B190126}.Debug|Any CPU.ActiveCfg = Debug|Any CPU
		{2C76E88A-F73E-4791-AF86-B11B2B190126}.Debug|Any CPU.Build.0 = Debug|Any CPU
		{2C76E88A-F73E-4791-AF86-B11B2B190126}.Release|Any CPU.ActiveCfg = Release|Any CPU
		{2C76E88A-F73E-4791-AF86-B11B2B190126}.Release|Any CPU.Build.0 = Release|Any CPU
	EndGlobalSection
	GlobalSection(SolutionProperties) = preSolution
		HideSolutionNode = FALSE
	EndGlobalSection
	GlobalSection(ExtensibilityGlobals) = postSolution
		SolutionGuid = {307F81DB-3DA4-4711-AD48-3A165EA37847}
	EndGlobalSection
EndGlobal
